
Microsoft Visual Studio Solution File, Format Version 12.00
# Visual Studio 15
VisualStudioVersion = 15.0.28307.489
MinimumVisualStudioVersion = 10.0.40219.1
Project("{FAE04EC0-301F-11D3-BF4B-00C04F79EFBC}") = "WpfFlappy", "WpfFlappy\WpfFlappy.csproj", "{CF44630E-A8A4-4196-880A-3D96B6632F79}"
EndProject
Global
	GlobalSection(SolutionConfigurationPlatforms) = preSolution
		Debug|Any CPU = Debug|Any CPU
		Release|Any CPU = Release|Any CPU
	EndGlobalSection
	GlobalSection(ProjectConfigurationPlatforms) = postSolution
		{CF44630E-A8A4-4196-880A-3D96B6632F79}.Debug|Any CPU.ActiveCfg = Debug|Any CPU
		{CF44630E-A8A4-4196-880A-3D96B6632F79}.Debug|Any CPU.Build.0 = Debug|Any CPU
		{CF44630E-A8A4-4196-880A-3D96B6632F79}.Release|Any CPU.ActiveCfg = Release|Any CPU
		{CF44630E-A8A4-4196-880A-3D96B6632F79}.Release|Any CPU.Build.0 = Release|Any CPU
	EndGlobalSection
	GlobalSection(SolutionProperties) = preSolution
		HideSolutionNode = FALSE
	EndGlobalSection
	GlobalSection(ExtensibilityGlobals) = postSolution
		SolutionGuid = {120B0BE0-F56D-40A7-9858-2C59AEEAF645}
	EndGlobalSection
EndGlobal
